
Microsoft Visual Studio Solution File, Format Version 12.00
# Visual Studio 15
VisualStudioVersion = 15.0.27703.2026
MinimumVisualStudioVersion = 10.0.40219.1
Project("{FAE04EC0-301F-11D3-BF4B-00C04F79EFBC}") = "SavePWDGenerator_WPF", "SavePWDGenerator_WPF\SavePWDGenerator_WPF.csproj", "{0290DCC2-85C9-46D6-85FC-E56B2EF6DB0A}"
EndProject
Global
	GlobalSection(SolutionConfigurationPlatforms) = preSolution
		Debug|Any CPU = Debug|Any CPU
		Release|Any CPU = Release|Any CPU
	EndGlobalSection
	GlobalSection(ProjectConfigurationPlatforms) = postSolution
		{0290DCC2-85C9-46D6-85FC-E56B2EF6DB0A}.Debug|Any CPU.ActiveCfg = Debug|Any CPU
		{0290DCC2-85C9-46D6-85FC-E56B2EF6DB0A}.Debug|Any CPU.Build.0 = Debug|Any CPU
		{0290DCC2-85C9-46D6-85FC-E56B2EF6DB0A}.Release|Any CPU.ActiveCfg = Release|Any CPU
		{0290DCC2-85C9-46D6-85FC-E56B2EF6DB0A}.Release|Any CPU.Build.0 = Release|Any CPU
	EndGlobalSection
	GlobalSection(SolutionProperties) = preSolution
		HideSolutionNode = FALSE
	EndGlobalSection
	GlobalSection(ExtensibilityGlobals) = postSolution
		SolutionGuid = {7925DB16-1825-49EE-94BA-684209D302AA}
	EndGlobalSection
EndGlobal
